
Microsoft Visual Studio Solution File, Format Version 12.00
# Visual Studio Version 16
VisualStudioVersion = 16.0.30114.105
MinimumVisualStudioVersion = 10.0.40219.1
Project("{FAE04EC0-301F-11D3-BF4B-00C04F79EFBC}") = "MajicCube", "MajicCube\MajicCube.csproj", "{951F3CB6-A2F7-4BDD-93F6-7D9E09C78AEF}"
EndProject
Global
	GlobalSection(SolutionConfigurationPlatforms) = preSolution
		Debug|Any CPU = Debug|Any CPU
		Release|Any CPU = Release|Any CPU
	EndGlobalSection
	GlobalSection(ProjectConfigurationPlatforms) = postSolution
		{951F3CB6-A2F7-4BDD-93F6-7D9E09C78AEF}.Debug|Any CPU.ActiveCfg = Debug|Any CPU
		{951F3CB6-A2F7-4BDD-93F6-7D9E09C78AEF}.Debug|Any CPU.Build.0 = Debug|Any CPU
		{951F3CB6-A2F7-4BDD-93F6-7D9E09C78AEF}.Release|Any CPU.ActiveCfg = Release|Any CPU
		{951F3CB6-A2F7-4BDD-93F6-7D9E09C78AEF}.Release|Any CPU.Build.0 = Release|Any CPU
	EndGlobalSection
	GlobalSection(SolutionProperties) = preSolution
		HideSolutionNode = FALSE
	EndGlobalSection
	GlobalSection(ExtensibilityGlobals) = postSolution
		SolutionGuid = {CD5008C7-7C6B-482D-848B-FEC5AFDD8A4C}
	EndGlobalSection
EndGlobal
